lockfileVersion: '9.0'

settings:
  autoInstallPeers: true
  excludeLinksFromLockfile: false

overrides:
  '@mastra/core': link:../../../../packages/core
  '@mastra/editor': link:../../../../packages/editor
  '@mastra/memory': link:../../../../packages/memory
  '@mastra/libsql': link:../../../../stores/libsql
  '@mastra/mcp': link:../../../../packages/mcp
  mastra: link:../../../../packages/cli
  '@mastra/react': link:../../../playground-ui
  '@mastra/loggers': link:../../../../packages/loggers
  '@mastra/pg': link:../../../../stores/pg
  '@mastra/rag': link:../../../../packages/rag
  '@mastra/ttsd': link:../../../../packages/ttsd
  '@internal/test-utils': link:../../../../packages/_test-utils

importers:

  .:
    dependencies:
      '@mastra/core':
        specifier: link:../../../core
        version: link:../../../core
      '@mastra/editor':
        specifier: link:../../../editor
        version: link:../../../editor
      '@mastra/libsql':
        specifier: link:../../../../stores/libsql
        version: link:../../../../stores/libsql
      '@mastra/loggers':
        specifier: link:../../../loggers
        version: link:../../../loggers
      '@mastra/mcp':
        specifier: link:../../../mcp
        version: link:../../../mcp
      '@mastra/memory':
        specifier: link:../../../memory
        version: link:../../../memory
      ai:
        specifier: ^5.0.196
        version: 5.0.203(zod@4.4.3)
      mastra:
        specifier: link:../../../cli
        version: link:../../../cli
      zod:
        specifier: ^4.4.3
        version: 4.4.3
    devDependencies:
      '@types/node':
        specifier: 22.19.20
        version: 22.19.20
      typescript:
        specifier: ^5.9.3
        version: 5.9.3

packages:

  '@ai-sdk/gateway@2.0.102':
    resolution: {integrity: sha512-5OxMbtF4AFeyHjKS2smzCYDvjkE+nWktLCS0xsWNnI71cP0mTKXqkygta5lq1WTytVVkonLMP9J0OqEbteBzfQ==}
    engines: {node: '>=18'}
    peerDependencies:
      zod: ^3.25.76 || ^4.1.8

  '@ai-sdk/provider-utils@3.0.26':
    resolution: {integrity: sha512-dNciNI4knep6z3cqDNng7yORCcBnEDBHZYj8rJLcLn9pLzEtNVkf6WLg9HR6AnVDDRxHsUeGAEqyF8M+FAtRgg==}
    engines: {node: '>=18'}
    peerDependencies:
      zod: ^3.25.76 || ^4.1.8

  '@ai-sdk/provider@2.0.3':
    resolution: {integrity: sha512-h88OPkavHTiN9tMn2l5awAznGB0lXzjcLhgR1/rvjB2zlLprsNxbM2tt6OJsHUxduLC3klq0/eqaSf6fX5XVww==}
    engines: {node: '>=18'}

  '@opentelemetry/api@1.9.0':
    resolution: {integrity: sha512-3giAOQvZiH5F9bMlMiv8+GSPMeqg0dbaeo58/0SlA9sxSqZhnUtxzX9/2FzyhS9sWQf5S0GJE0AKBrFqjpeYcg==}
    engines: {node: '>=8.0.0'}

  '@standard-schema/spec@1.1.0':
    resolution: {integrity: sha512-l2aFy5jALhniG5HgqrD6jXLi/rUWrKvqN/qJx6yoJsgKhblVd+iqqU4RCXavm/jPityDo5TCvKMnpjKnOriy0w==}

  '@types/node@22.19.20':
    resolution: {integrity: sha512-6tELRwSDYWW9EdZhbeZmYGZ1/7Djkt+Ah3/ScEYT9cDord7UJzasR/4D3VONg9tQI5CDp+/CZC1AXj2pCFOvpw==}

  '@vercel/oidc@3.1.0':
    resolution: {integrity: sha512-Fw28YZpRnA3cAHHDlkt7xQHiJ0fcL+NRcIqsocZQUSmbzeIKRpwttJjik5ZGanXP+vlA4SbTg+AbA3bP363l+w==}
    engines: {node: '>= 20'}

  ai@5.0.203:
    resolution: {integrity: sha512-U50l+Np0IDzkUJ59QOBb80y3x1QH8+XJqzoIIxkO756mPlOuoRfj80CFIBKtaHmDSTJoEAMdt0iaaDOqMCGZkQ==}
    engines: {node: '>=18'}
    peerDependencies:
      zod: ^3.25.76 || ^4.1.8

  eventsource-parser@3.1.0:
    resolution: {integrity: sha512-kJezFj9YFAMLeORyi7aCLxLbD5/qWMQnoMVlVPyHIll7lgRJCc3JVln9Vgl9nwQi0YkMnhdGTMNn7CkRRAptMg==}
    engines: {node: '>=18.0.0'}

  json-schema@0.4.0:
    resolution: {integrity: sha512-es94M3nTIfsEPisRafak+HDLfHXnKBhV3vU5eqPcS3flIWqcxJWgXHXiey3YrpaNsanY5ei1VoYEbOzijuq9BA==}

  typescript@5.9.3:
    resolution: {integrity: sha512-jl1vZzPDinLr9eUt3J/t7V6FgNEw9QjvBPdysz9KfQDD41fQrC2Y4vKQdiaUpFT4bXlb1RHhLpp8wtm6M5TgSw==}
    engines: {node: '>=14.17'}
    hasBin: true

  undici-types@6.21.0:
    resolution: {integrity: sha512-iwDZqg0QAGrg9Rav5H4n0M64c3mkR59cJ6wQp+7C4nI0gsmExaedaYLNO44eT4AtBBwjbTiGPMlt2Md0T9H9JQ==}

  zod@4.4.3:
    resolution: {integrity: sha512-ytENFjIJFl2UwYglde2jchW2Hwm4GJFLDiSXWdTrJQBIN9Fcyp7n4DhxJEiWNAJMV1/BqWfW/kkg71UDcHJyTQ==}

snapshots:

  '@ai-sdk/gateway@2.0.102(zod@4.4.3)':
    dependencies:
      '@ai-sdk/provider': 2.0.3
      '@ai-sdk/provider-utils': 3.0.26(zod@4.4.3)
      '@vercel/oidc': 3.1.0
      zod: 4.4.3

  '@ai-sdk/provider-utils@3.0.26(zod@4.4.3)':
    dependencies:
      '@ai-sdk/provider': 2.0.3
      '@standard-schema/spec': 1.1.0
      eventsource-parser: 3.1.0
      zod: 4.4.3

  '@ai-sdk/provider@2.0.3':
    dependencies:
      json-schema: 0.4.0

  '@opentelemetry/api@1.9.0': {}

  '@standard-schema/spec@1.1.0': {}

  '@types/node@22.19.20':
    dependencies:
      undici-types: 6.21.0

  '@vercel/oidc@3.1.0': {}

  ai@5.0.203(zod@4.4.3):
    dependencies:
      '@ai-sdk/gateway': 2.0.102(zod@4.4.3)
      '@ai-sdk/provider': 2.0.3
      '@ai-sdk/provider-utils': 3.0.26(zod@4.4.3)
      '@opentelemetry/api': 1.9.0
      zod: 4.4.3

  eventsource-parser@3.1.0: {}

  json-schema@0.4.0: {}

  typescript@5.9.3: {}

  undici-types@6.21.0: {}

  zod@4.4.3: {}
